
Microsoft Visual Studio Solution File, Format Version 12.00
# Visual Studio Version 17
VisualStudioVersion = 17.0.31919.166
MinimumVisualStudioVersion = 10.0.40219.1
Project("{FAE04EC0-301F-11D3-BF4B-00C04F79EFBC}") = "Desafio1", "Desafio1\Desafio1.csproj", "{A1BB3CB8-216E-49DF-BF1B-EAAC7B4E1406}"
EndProject
Global
	GlobalSection(SolutionConfigurationPlatforms) = preSolution
		Debug|Any CPU = Debug|Any CPU
		Release|Any CPU = Release|Any CPU
	EndGlobalSection
	GlobalSection(ProjectConfigurationPlatforms) = postSolution
		{A1BB3CB8-216E-49DF-BF1B-EAAC7B4E1406}.Debug|Any CPU.ActiveCfg = Debug|Any CPU
		{A1BB3CB8-216E-49DF-BF1B-EAAC7B4E1406}.Debug|Any CPU.Build.0 = Debug|Any CPU
		{A1BB3CB8-216E-49DF-BF1B-EAAC7B4E1406}.Release|Any CPU.ActiveCfg = Release|Any CPU
		{A1BB3CB8-216E-49DF-BF1B-EAAC7B4E1406}.Release|Any CPU.Build.0 = Release|Any CPU
	EndGlobalSection
	GlobalSection(SolutionProperties) = preSolution
		HideSolutionNode = FALSE
	EndGlobalSection
	GlobalSection(ExtensibilityGlobals) = postSolution
		SolutionGuid = {1DF4B2C5-C230-4F95-96CE-14313E58FC66}
	EndGlobalSection
EndGlobal
